
Microsoft Visual Studio Solution File, Format Version 12.00
# Visual Studio Version 17
VisualStudioVersion = 17.1.32228.430
MinimumVisualStudioVersion = 10.0.40219.1
Project("{FAE04EC0-301F-11D3-BF4B-00C04F79EFBC}") = "MachineStreamGateway", "MachineStreamGateway.csproj", "{745E5994-F096-45BD-8CF3-CBFF17DFDA6A}"
EndProject
Global
	GlobalSection(SolutionConfigurationPlatforms) = preSolution
		Debug|Any CPU = Debug|Any CPU
		Release|Any CPU = Release|Any CPU
	EndGlobalSection
	GlobalSection(ProjectConfigurationPlatforms) = postSolution
		{745E5994-F096-45BD-8CF3-CBFF17DFDA6A}.Debug|Any CPU.ActiveCfg = Debug|Any CPU
		{745E5994-F096-45BD-8CF3-CBFF17DFDA6A}.Debug|Any CPU.Build.0 = Debug|Any CPU
		{745E5994-F096-45BD-8CF3-CBFF17DFDA6A}.Release|Any CPU.ActiveCfg = Release|Any CPU
		{745E5994-F096-45BD-8CF3-CBFF17DFDA6A}.Release|Any CPU.Build.0 = Release|Any CPU
	EndGlobalSection
	GlobalSection(SolutionProperties) = preSolution
		HideSolutionNode = FALSE
	EndGlobalSection
	GlobalSection(ExtensibilityGlobals) = postSolution
		SolutionGuid = {3EE763D6-9AAA-4729-9FC6-EDA02201C581}
	EndGlobalSection
EndGlobal
